<?xml version="1.0" encoding="UTF-8" standalone="yes" ?>
<CodeBlocks_project_file>
	<FileVersion major="1" minor="6" />
	<Project>
		<Option title="sdcafiine" />
		<Option makefile_is_custom="1" />
		<Option pch_mode="2" />
		<Option compiler="ppc-gcc" />
		<Build>
			<Target title="Debug">
				<Option output="bin/Debug/sdcafiine" prefix_auto="1" extension_auto="1" />
				<Option object_output="obj/Debug/" />
				<Option type="1" />
				<Option compiler="ppc-gcc" />
				<Compiler>
					<Add option="-g" />
				</Compiler>
				<MakeCommands>
					<Build command="make -j8" />
					<CompileFile command="$make -f $makefile $file" />
					<Clean command="$make -f $makefile clean$target" />
					<DistClean command="$make -f $makefile distclean$target" />
					<AskRebuildNeeded command="$make -q -f $makefile $target" />
					<SilentBuild command="make -j8 &gt; $(CMD_NULL)" />
				</MakeCommands>
			</Target>
			<Target title="build">
				<Option output="bin/Release/sdcafiine" prefix_auto="1" extension_auto="1" />
				<Option object_output="obj/Release/" />
				<Option type="1" />
				<Option compiler="ppc-gcc" />
				<Compiler>
					<Add option="-O2" />
				</Compiler>
			</Target>
		</Build>
		<Compiler>
			<Add option="-Wall" />
		</Compiler>
		<Unit filename="build/entry.d" />
		<Unit filename="build/fs_function_patcher.d" />
		<Unit filename="build/fs_utils.d" />
		<Unit filename="build/libfat.d" />
		<Unit filename="build/libntfs.d" />
		<Unit filename="build/main.d" />
		<Unit filename="build/mocha.d" />
		<Unit filename="build/modpackSelector.d" />
		<Unit filename="build/retain_vars.d" />
		<Unit filename="src/common/common.h" />
		<Unit filename="src/common/retain_vars.cpp" />
		<Unit filename="src/common/retain_vars.h" />
		<Unit filename="src/controllers.cpp" />
		<Unit filename="src/controllers.h" />
		<Unit filename="src/main.cpp" />
		<Unit filename="src/main.h" />
		<Unit filename="src/modpackSelector.cpp" />
		<Unit filename="src/modpackSelector.h" />
		<Unit filename="src/myfs/fs_utils.cpp" />
		<Unit filename="src/myfs/fs_utils.h" />
		<Unit filename="src/patches.cpp" />
		<Extensions>
			<code_completion>
				<search_path add="C:\devkitPro\wups\include" />
				<search_path add="C:\devkitPro\wut\include" />
				<search_path add="C:\devkitPro\wut\include\libutilswut" />
				<search_path add="C:\devkitPro\wut\include\fswrapper" />
			</code_completion>
			<envvars />
			<debugger />
			<lib_finder disable_auto="1" />
		</Extensions>
	</Project>
</CodeBlocks_project_file>
